
Microsoft Visual Studio Solution File, Format Version 12.00
# Visual Studio 15
VisualStudioVersion = 15.0.28307.1401
MinimumVisualStudioVersion = 10.0.40219.1
Project("{8BC9CEB8-8B4A-11D0-8D11-00A0C91BC942}") = "OS12_02", "OS12_02\OS12_02.vcxproj", "{C326E5B8-9ABA-4D00-A426-897F181F5103}"
EndProject
Global
	GlobalSection(SolutionConfigurationPlatforms) = preSolution
		Debug|x64 = Debug|x64
		Debug|x86 = Debug|x86
		Release|x64 = Release|x64
		Release|x86 = Release|x86
	EndGlobalSection
	GlobalSection(ProjectConfigurationPlatforms) = postSolution
		{C326E5B8-9ABA-4D00-A426-897F181F5103}.Debug|x64.ActiveCfg = Debug|x64
		{C326E5B8-9ABA-4D00-A426-897F181F5103}.Debug|x64.Build.0 = Debug|x64
		{C326E5B8-9ABA-4D00-A426-897F181F5103}.Debug|x86.ActiveCfg = Debug|Win32
		{C326E5B8-9ABA-4D00-A426-897F181F5103}.Debug|x86.Build.0 = Debug|Win32
		{C326E5B8-9ABA-4D00-A426-897F181F5103}.Release|x64.ActiveCfg = Release|x64
		{C326E5B8-9ABA-4D00-A426-897F181F5103}.Release|x64.Build.0 = Release|x64
		{C326E5B8-9ABA-4D00-A426-897F181F5103}.Release|x86.ActiveCfg = Release|Win32
		{C326E5B8-9ABA-4D00-A426-897F181F5103}.Release|x86.Build.0 = Release|Win32
	EndGlobalSection
	GlobalSection(SolutionProperties) = preSolution
		HideSolutionNode = FALSE
	EndGlobalSection
	GlobalSection(ExtensibilityGlobals) = postSolution
		SolutionGuid = {4D5FFFB2-FC05-44A1-8465-19D9CE3AB003}
	EndGlobalSection
EndGlobal
