
Microsoft Visual Studio Solution File, Format Version 12.00
# Visual Studio 15
VisualStudioVersion = 15.0.28307.1401
MinimumVisualStudioVersion = 10.0.40219.1
Project("{8BC9CEB8-8B4A-11D0-8D11-00A0C91BC942}") = "OS13_HTCOM", "OS13_HTCOM\OS13_HTCOM.vcxproj", "{F76809AE-0697-42FF-89F6-D450BAAEE9AD}"
EndProject
Project("{8BC9CEB8-8B4A-11D0-8D11-00A0C91BC942}") = "OS13_HTCOM_STATIC", "OS13_HTCOM_STATIC\OS13_HTCOM_STATIC.vcxproj", "{5B4B5CB3-A4F6-4847-A10D-E0943E8D3712}"
EndProject
Project("{8BC9CEB8-8B4A-11D0-8D11-00A0C91BC942}") = "OS13_CREATE", "OS13_CREATE\OS13_CREATE.vcxproj", "{FBCBCAD5-42BB-4C19-A56A-CBA60F52CBD5}"
EndProject
Project("{8BC9CEB8-8B4A-11D0-8D11-00A0C91BC942}") = "OS13_START", "OS13_START\OS13_START.vcxproj", "{0B42D140-18B5-49EC-9708-FB8B1ECA4869}"
EndProject
Project("{8BC9CEB8-8B4A-11D0-8D11-00A0C91BC942}") = "OS13_INSERT", "OS13_INSERT\OS13_INSERT.vcxproj", "{349A7FB5-CD37-4A19-B4A1-D536B58C26EA}"
EndProject
Project("{8BC9CEB8-8B4A-11D0-8D11-00A0C91BC942}") = "OS13_DELETE", "OS13_DELETE\OS13_DELETE.vcxproj", "{22A82A4F-1C0A-45C1-A42B-8E6D350243F6}"
EndProject
Project("{8BC9CEB8-8B4A-11D0-8D11-00A0C91BC942}") = "OS13_UPDATE", "OS13_UPDATE\OS13_UPDATE.vcxproj", "{E67345B7-17D6-4F58-B88D-4852C750659B}"
EndProject
Project("{8BC9CEB8-8B4A-11D0-8D11-00A0C91BC942}") = "OS13_STOP", "OS13_STOP\OS13_STOP.vcxproj", "{4E2041FB-C6F4-40B1-8263-B9612E263C85}"
EndProject
Global
	GlobalSection(SolutionConfigurationPlatforms) = preSolution
		Debug|x64 = Debug|x64
		Debug|x86 = Debug|x86
		Release|x64 = Release|x64
		Release|x86 = Release|x86
	EndGlobalSection
	GlobalSection(ProjectConfigurationPlatforms) = postSolution
		{F76809AE-0697-42FF-89F6-D450BAAEE9AD}.Debug|x64.ActiveCfg = Debug|x64
		{F76809AE-0697-42FF-89F6-D450BAAEE9AD}.Debug|x64.Build.0 = Debug|x64
		{F76809AE-0697-42FF-89F6-D450BAAEE9AD}.Debug|x86.ActiveCfg = Debug|Win32
		{F76809AE-0697-42FF-89F6-D450BAAEE9AD}.Debug|x86.Build.0 = Debug|Win32
		{F76809AE-0697-42FF-89F6-D450BAAEE9AD}.Release|x64.ActiveCfg = Release|x64
		{F76809AE-0697-42FF-89F6-D450BAAEE9AD}.Release|x64.Build.0 = Release|x64
		{F76809AE-0697-42FF-89F6-D450BAAEE9AD}.Release|x86.ActiveCfg = Release|Win32
		{F76809AE-0697-42FF-89F6-D450BAAEE9AD}.Release|x86.Build.0 = Release|Win32
		{5B4B5CB3-A4F6-4847-A10D-E0943E8D3712}.Debug|x64.ActiveCfg = Debug|x64
		{5B4B5CB3-A4F6-4847-A10D-E0943E8D3712}.Debug|x64.Build.0 = Debug|x64
		{5B4B5CB3-A4F6-4847-A10D-E0943E8D3712}.Debug|x86.ActiveCfg = Debug|Win32
		{5B4B5CB3-A4F6-4847-A10D-E0943E8D3712}.Debug|x86.Build.0 = Debug|Win32
		{5B4B5CB3-A4F6-4847-A10D-E0943E8D3712}.Release|x64.ActiveCfg = Release|x64
		{5B4B5CB3-A4F6-4847-A10D-E0943E8D3712}.Release|x64.Build.0 = Release|x64
		{5B4B5CB3-A4F6-4847-A10D-E0943E8D3712}.Release|x86.ActiveCfg = Release|Win32
		{5B4B5CB3-A4F6-4847-A10D-E0943E8D3712}.Release|x86.Build.0 = Release|Win32
		{FBCBCAD5-42BB-4C19-A56A-CBA60F52CBD5}.Debug|x64.ActiveCfg = Debug|x64
		{FBCBCAD5-42BB-4C19-A56A-CBA60F52CBD5}.Debug|x64.Build.0 = Debug|x64
		{FBCBCAD5-42BB-4C19-A56A-CBA60F52CBD5}.Debug|x86.ActiveCfg = Debug|Win32
		{FBCBCAD5-42BB-4C19-A56A-CBA60F52CBD5}.Debug|x86.Build.0 = Debug|Win32
		{FBCBCAD5-42BB-4C19-A56A-CBA60F52CBD5}.Release|x64.ActiveCfg = Release|x64
		{FBCBCAD5-42BB-4C19-A56A-CBA60F52CBD5}.Release|x64.Build.0 = Release|x64
		{FBCBCAD5-42BB-4C19-A56A-CBA60F52CBD5}.Release|x86.ActiveCfg = Release|Win32
		{FBCBCAD5-42BB-4C19-A56A-CBA60F52CBD5}.Release|x86.Build.0 = Release|Win32
		{0B42D140-18B5-49EC-9708-FB8B1ECA4869}.Debug|x64.ActiveCfg = Debug|x64
		{0B42D140-18B5-49EC-9708-FB8B1ECA4869}.Debug|x64.Build.0 = Debug|x64
		{0B42D140-18B5-49EC-9708-FB8B1ECA4869}.Debug|x86.ActiveCfg = Debug|Win32
		{0B42D140-18B5-49EC-9708-FB8B1ECA4869}.Debug|x86.Build.0 = Debug|Win32
		{0B42D140-18B5-49EC-9708-FB8B1ECA4869}.Release|x64.ActiveCfg = Release|x64
		{0B42D140-18B5-49EC-9708-FB8B1ECA4869}.Release|x64.Build.0 = Release|x64
		{0B42D140-18B5-49EC-9708-FB8B1ECA4869}.Release|x86.ActiveCfg = Release|Win32
		{0B42D140-18B5-49EC-9708-FB8B1ECA4869}.Release|x86.Build.0 = Release|Win32
		{349A7FB5-CD37-4A19-B4A1-D536B58C26EA}.Debug|x64.ActiveCfg = Debug|x64
		{349A7FB5-CD37-4A19-B4A1-D536B58C26EA}.Debug|x64.Build.0 = Debug|x64
		{349A7FB5-CD37-4A19-B4A1-D536B58C26EA}.Debug|x86.ActiveCfg = Debug|Win32
		{349A7FB5-CD37-4A19-B4A1-D536B58C26EA}.Debug|x86.Build.0 = Debug|Win32
		{349A7FB5-CD37-4A19-B4A1-D536B58C26EA}.Release|x64.ActiveCfg = Release|x64
		{349A7FB5-CD37-4A19-B4A1-D536B58C26EA}.Release|x64.Build.0 = Release|x64
		{349A7FB5-CD37-4A19-B4A1-D536B58C26EA}.Release|x86.ActiveCfg = Release|Win32
		{349A7FB5-CD37-4A19-B4A1-D536B58C26EA}.Release|x86.Build.0 = Release|Win32
		{22A82A4F-1C0A-45C1-A42B-8E6D350243F6}.Debug|x64.ActiveCfg = Debug|x64
		{22A82A4F-1C0A-45C1-A42B-8E6D350243F6}.Debug|x64.Build.0 = Debug|x64
		{22A82A4F-1C0A-45C1-A42B-8E6D350243F6}.Debug|x86.ActiveCfg = Debug|Win32
		{22A82A4F-1C0A-45C1-A42B-8E6D350243F6}.Debug|x86.Build.0 = Debug|Win32
		{22A82A4F-1C0A-45C1-A42B-8E6D350243F6}.Release|x64.ActiveCfg = Release|x64
		{22A82A4F-1C0A-45C1-A42B-8E6D350243F6}.Release|x64.Build.0 = Release|x64
		{22A82A4F-1C0A-45C1-A42B-8E6D350243F6}.Release|x86.ActiveCfg = Release|Win32
		{22A82A4F-1C0A-45C1-A42B-8E6D350243F6}.Release|x86.Build.0 = Release|Win32
		{E67345B7-17D6-4F58-B88D-4852C750659B}.Debug|x64.ActiveCfg = Debug|x64
		{E67345B7-17D6-4F58-B88D-4852C750659B}.Debug|x64.Build.0 = Debug|x64
		{E67345B7-17D6-4F58-B88D-4852C750659B}.Debug|x86.ActiveCfg = Debug|Win32
		{E67345B7-17D6-4F58-B88D-4852C750659B}.Debug|x86.Build.0 = Debug|Win32
		{E67345B7-17D6-4F58-B88D-4852C750659B}.Release|x64.ActiveCfg = Release|x64
		{E67345B7-17D6-4F58-B88D-4852C750659B}.Release|x64.Build.0 = Release|x64
		{E67345B7-17D6-4F58-B88D-4852C750659B}.Release|x86.ActiveCfg = Release|Win32
		{E67345B7-17D6-4F58-B88D-4852C750659B}.Release|x86.Build.0 = Release|Win32
		{4E2041FB-C6F4-40B1-8263-B9612E263C85}.Debug|x64.ActiveCfg = Debug|x64
		{4E2041FB-C6F4-40B1-8263-B9612E263C85}.Debug|x64.Build.0 = Debug|x64
		{4E2041FB-C6F4-40B1-8263-B9612E263C85}.Debug|x86.ActiveCfg = Debug|Win32
		{4E2041FB-C6F4-40B1-8263-B9612E263C85}.Debug|x86.Build.0 = Debug|Win32
		{4E2041FB-C6F4-40B1-8263-B9612E263C85}.Release|x64.ActiveCfg = Release|x64
		{4E2041FB-C6F4-40B1-8263-B9612E263C85}.Release|x64.Build.0 = Release|x64
		{4E2041FB-C6F4-40B1-8263-B9612E263C85}.Release|x86.ActiveCfg = Release|Win32
		{4E2041FB-C6F4-40B1-8263-B9612E263C85}.Release|x86.Build.0 = Release|Win32
	EndGlobalSection
	GlobalSection(SolutionProperties) = preSolution
		HideSolutionNode = FALSE
	EndGlobalSection
	GlobalSection(ExtensibilityGlobals) = postSolution
		SolutionGuid = {D281F3D6-665F-45CD-A0D1-43F0C366D791}
	EndGlobalSection
EndGlobal
